<Solution>
  <Folder Name="/src/">
    <Project Path="src/Library.ApplicationCore/Library.ApplicationCore.csproj" />
    <Project Path="src/Library.Console/Library.Console.csproj" />
    <Project Path="src/Library.Infrastructure/Library.Infrastructure.csproj" />
  </Folder>
  <Folder Name="/tests/">
    <Project Path="tests/UnitTests/UnitTests.csproj" />
  </Folder>
</Solution>
